
Microsoft Visual Studio Solution File, Format Version 12.00
# Visual Studio 15
VisualStudioVersion = 15.0.28307.168
MinimumVisualStudioVersion = 10.0.40219.1
Project("{FAE04EC0-301F-11D3-BF4B-00C04F79EFBC}") = "arreys", "arreys\arreys.csproj", "{DA1BB9FC-9690-4C48-99E4-41637562AFB3}"
EndProject
Global
	GlobalSection(SolutionConfigurationPlatforms) = preSolution
		Debug|Any CPU = Debug|Any CPU
		Release|Any CPU = Release|Any CPU
	EndGlobalSection
	GlobalSection(ProjectConfigurationPlatforms) = postSolution
		{DA1BB9FC-9690-4C48-99E4-41637562AFB3}.Debug|Any CPU.ActiveCfg = Debug|Any CPU
		{DA1BB9FC-9690-4C48-99E4-41637562AFB3}.Debug|Any CPU.Build.0 = Debug|Any CPU
		{DA1BB9FC-9690-4C48-99E4-41637562AFB3}.Release|Any CPU.ActiveCfg = Release|Any CPU
		{DA1BB9FC-9690-4C48-99E4-41637562AFB3}.Release|Any CPU.Build.0 = Release|Any CPU
	EndGlobalSection
	GlobalSection(SolutionProperties) = preSolution
		HideSolutionNode = FALSE
	EndGlobalSection
	GlobalSection(ExtensibilityGlobals) = postSolution
		SolutionGuid = {F004BB49-BD63-48AD-9B99-16CA1B6DE04E}
	EndGlobalSection
EndGlobal
